
Microsoft Visual Studio Solution File, Format Version 12.00
# Visual Studio Version 16
VisualStudioVersion = 16.0.30011.22
MinimumVisualStudioVersion = 10.0.40219.1
Project("{FAE04EC0-301F-11D3-BF4B-00C04F79EFBC}") = "MouseParticle", "MouseParticle\MouseParticle.csproj", "{60D2C92B-2843-4254-A706-025B21ED2939}"
EndProject
Project("{FAE04EC0-301F-11D3-BF4B-00C04F79EFBC}") = "MouseKeyboardLibrary", "Lib\MouseKeyboardLibrary\MouseKeyboardLibrary.csproj", "{F419622F-4D82-40A6-B4FB-3FE36579F018}"
EndProject
Project("{2150E333-8FDC-42A3-9474-1A3956D46DE8}") = "Solution Items", "Solution Items", "{DE35B694-7877-4A15-90C0-6446990838EF}"
	ProjectSection(SolutionItems) = preProject
		ReadMe.md = ReadMe.md
	EndProjectSection
EndProject
Global
	GlobalSection(SolutionConfigurationPlatforms) = preSolution
		Debug|Any CPU = Debug|Any CPU
		Debug|Mixed Platforms = Debug|Mixed Platforms
		Debug|x86 = Debug|x86
		Release|Any CPU = Release|Any CPU
		Release|Mixed Platforms = Release|Mixed Platforms
		Release|x86 = Release|x86
	EndGlobalSection
	GlobalSection(ProjectConfigurationPlatforms) = postSolution
		{60D2C92B-2843-4254-A706-025B21ED2939}.Debug|Any CPU.ActiveCfg = Debug|x86
		{60D2C92B-2843-4254-A706-025B21ED2939}.Debug|Mixed Platforms.ActiveCfg = Debug|x86
		{60D2C92B-2843-4254-A706-025B21ED2939}.Debug|Mixed Platforms.Build.0 = Debug|x86
		{60D2C92B-2843-4254-A706-025B21ED2939}.Debug|x86.ActiveCfg = Debug|x86
		{60D2C92B-2843-4254-A706-025B21ED2939}.Debug|x86.Build.0 = Debug|x86
		{60D2C92B-2843-4254-A706-025B21ED2939}.Release|Any CPU.ActiveCfg = Release|x86
		{60D2C92B-2843-4254-A706-025B21ED2939}.Release|Mixed Platforms.ActiveCfg = Release|x86
		{60D2C92B-2843-4254-A706-025B21ED2939}.Release|Mixed Platforms.Build.0 = Release|x86
		{60D2C92B-2843-4254-A706-025B21ED2939}.Release|x86.ActiveCfg = Release|x86
		{60D2C92B-2843-4254-A706-025B21ED2939}.Release|x86.Build.0 = Release|x86
		{F419622F-4D82-40A6-B4FB-3FE36579F018}.Debug|Any CPU.ActiveCfg = Debug|Any CPU
		{F419622F-4D82-40A6-B4FB-3FE36579F018}.Debug|Any CPU.Build.0 = Debug|Any CPU
		{F419622F-4D82-40A6-B4FB-3FE36579F018}.Debug|Mixed Platforms.ActiveCfg = Debug|Any CPU
		{F419622F-4D82-40A6-B4FB-3FE36579F018}.Debug|Mixed Platforms.Build.0 = Debug|Any CPU
		{F419622F-4D82-40A6-B4FB-3FE36579F018}.Debug|x86.ActiveCfg = Debug|Any CPU
		{F419622F-4D82-40A6-B4FB-3FE36579F018}.Release|Any CPU.ActiveCfg = Release|Any CPU
		{F419622F-4D82-40A6-B4FB-3FE36579F018}.Release|Any CPU.Build.0 = Release|Any CPU
		{F419622F-4D82-40A6-B4FB-3FE36579F018}.Release|Mixed Platforms.ActiveCfg = Release|Any CPU
		{F419622F-4D82-40A6-B4FB-3FE36579F018}.Release|Mixed Platforms.Build.0 = Release|Any CPU
		{F419622F-4D82-40A6-B4FB-3FE36579F018}.Release|x86.ActiveCfg = Release|Any CPU
	EndGlobalSection
	GlobalSection(SolutionProperties) = preSolution
		HideSolutionNode = FALSE
	EndGlobalSection
	GlobalSection(ExtensibilityGlobals) = postSolution
		SolutionGuid = {EF2B51BD-7013-4AB4-82D1-D615092C8D92}
	EndGlobalSection
EndGlobal
